
Microsoft Visual Studio Solution File, Format Version 12.00
# Visual Studio Version 17
VisualStudioVersion = 17.9.34728.123
MinimumVisualStudioVersion = 10.0.40219.1
Project("{FAE04EC0-301F-11D3-BF4B-00C04F79EFBC}") = "CollegeApp", "WebApplication1\CollegeApp.csproj", "{BABA8B31-9372-430A-8472-4D04524622AB}"
EndProject
Global
	GlobalSection(SolutionConfigurationPlatforms) = preSolution
		Debug|Any CPU = Debug|Any CPU
		Release|Any CPU = Release|Any CPU
	EndGlobalSection
	GlobalSection(ProjectConfigurationPlatforms) = postSolution
		{BABA8B31-9372-430A-8472-4D04524622AB}.Debug|Any CPU.ActiveCfg = Debug|Any CPU
		{BABA8B31-9372-430A-8472-4D04524622AB}.Debug|Any CPU.Build.0 = Debug|Any CPU
		{BABA8B31-9372-430A-8472-4D04524622AB}.Release|Any CPU.ActiveCfg = Release|Any CPU
		{BABA8B31-9372-430A-8472-4D04524622AB}.Release|Any CPU.Build.0 = Release|Any CPU
	EndGlobalSection
	GlobalSection(SolutionProperties) = preSolution
		HideSolutionNode = FALSE
	EndGlobalSection
	GlobalSection(ExtensibilityGlobals) = postSolution
		SolutionGuid = {E0189423-755B-413F-87C3-365AA2B1EC4D}
	EndGlobalSection
EndGlobal
